
Microsoft Visual Studio Solution File, Format Version 12.00
# Visual Studio 2013
VisualStudioVersion = 12.0.21005.1
MinimumVisualStudioVersion = 10.0.40219.1
Project("{A0786B88-2ADB-4C21-ABE8-AA2D79766269}") = "PHPWebProject3", "..\..\..\..\..\..\users\user\documents\visual studio 2013\Projects\PHPWebProject3\PHPWebProject3\PHPWebProject3.phpproj", "{9521E88A-79D1-4888-9A2B-C9A285DEB530}"
EndProject
Global
	GlobalSection(SolutionConfigurationPlatforms) = preSolution
		Debug|Any CPU = Debug|Any CPU
		Release|Any CPU = Release|Any CPU
	EndGlobalSection
	GlobalSection(ProjectConfigurationPlatforms) = postSolution
		{9521E88A-79D1-4888-9A2B-C9A285DEB530}.Debug|Any CPU.ActiveCfg = Debug|Any CPU
		{9521E88A-79D1-4888-9A2B-C9A285DEB530}.Release|Any CPU.ActiveCfg = Release|Any CPU
	EndGlobalSection
	GlobalSection(SolutionProperties) = preSolution
		HideSolutionNode = FALSE
	EndGlobalSection
EndGlobal
